// !$*UTF8*$!
{
	archiveVersion = 1;
	classes = {
	};
	objectVersion = 77;
	objects = {

/* Begin PBXContainerItemProxy section */
		D815B6BB2E4D32EC00CD4B0F /* PBXContainerItemProxy */ = {
			isa = PBXContainerItemProxy;
			containerPortal = D815B6992E4D32EB00CD4B0F /* Project object */;
			proxyType = 1;
			remoteGlobalIDString = D815B6A02E4D32EB00CD4B0F;
			remoteInfo = iOS_Video_Player;
		};
		D815B6C52E4D32EC00CD4B0F /* PBXContainerItemProxy */ = {
			isa = PBXContainerItemProxy;
			containerPortal = D815B6992E4D32EB00CD4B0F /* Project object */;
			proxyType = 1;
			remoteGlobalIDString = D815B6A02E4D32EB00CD4B0F;
			remoteInfo = iOS_Video_Player;
		};
/* End PBXContainerItemProxy section */

/* Begin PBXFileReference section */
		D815B6A12E4D32EB00CD4B0F /* iOS_Video_Player.app */ = {isa = PBXFileReference; explicitFileType = wrapper.application; includeInIndex = 0; path = iOS_Video_Player.app; sourceTree = BUILT_PRODUCTS_DIR; };
		D815B6BA2E4D32EC00CD4B0F /* iOS_Video_PlayerTests.xctest */ = {isa = PBXFileReference; explicitFileType = wrapper.cfbundle; includeInIndex = 0; path = iOS_Video_PlayerTests.xctest; sourceTree = BUILT_PRODUCTS_DIR; };
		D815B6C42E4D32EC00CD4B0F /* iOS_Video_PlayerUITests.xctest */ = {isa = PBXFileReference; explicitFileType = wrapper.cfbundle; includeInIndex = 0; path = iOS_Video_PlayerUITests.xctest; sourceTree = BUILT_PRODUCTS_DIR; };
/* End PBXFileReference section */

/* Begin PBXFileSystemSynchronizedBuildFileExceptionSet section */
		D815B6CC2E4D32EC00CD4B0F /* Exceptions for "iOS_Video_Player" folder in "iOS_Video_Player" target */ = {
			isa = PBXFileSystemSynchronizedBuildFileExceptionSet;
			membershipExceptions = (
				Info.plist,
			);
			target = D815B6A02E4D32EB00CD4B0F /* iOS_Video_Player */;
		};
/* End PBXFileSystemSynchronizedBuildFileExceptionSet section */

/* Begin PBXFileSystemSynchronizedRootGroup section */
		D815B6A32E4D32EB00CD4B0F /* iOS_Video_Player */ = {
			isa = PBXFileSystemSynchronizedRootGroup;
			exceptions = (
				D815B6CC2E4D32EC00CD4B0F /* Exceptions for "iOS_Video_Player" folder in "iOS_Video_Player" target */,
			);
			path = iOS_Video_Player;
			sourceTree = "<group>";
		};
		D815B6BD2E4D32EC00CD4B0F /* iOS_Video_PlayerTests */ = {
			isa = PBXFileSystemSynchronizedRootGroup;
			path = iOS_Video_PlayerTests;
			sourceTree = "<group>";
		};
		D815B6C72E4D32EC00CD4B0F /* iOS_Video_PlayerUITests */ = {
			isa = PBXFileSystemSynchronizedRootGroup;
			path = iOS_Video_PlayerUITests;
			sourceTree = "<group>";
		};
/* End PBXFileSystemSynchronizedRootGroup section */

/* Begin PBXFrameworksBuildPhase section */
		D815B69E2E4D32EB00CD4B0F /* Frameworks */ = {
			isa = PBXFrameworksBuildPhase;
			buildActionMask = 2147483647;
			files = (
			);
			runOnlyForDeploymentPostprocessing = 0;
		};
		D815B6B72E4D32EC00CD4B0F /* Frameworks */ = {
			isa = PBXFrameworksBuildPhase;
			buildActionMask = 2147483647;
			files = (
			);
			runOnlyForDeploymentPostprocessing = 0;
		};
		D815B6C12E4D32EC00CD4B0F /* Frameworks */ = {
			isa = PBXFrameworksBuildPhase;
			buildActionMask = 2147483647;
			files = (
			);
			runOnlyForDeploymentPostprocessing = 0;
		};
/* End PBXFrameworksBuildPhase section */

/* Begin PBXGroup section */
		D815B6982E4D32EB00CD4B0F = {
			isa = PBXGroup;
			children = (
				D815B6A32E4D32EB00CD4B0F /* iOS_Video_Player */,
				D815B6BD2E4D32EC00CD4B0F /* iOS_Video_PlayerTests */,
				D815B6C72E4D32EC00CD4B0F /* iOS_Video_PlayerUITests */,
				D815B6A22E4D32EB00CD4B0F /* Products */,
			);
			sourceTree = "<group>";
		};
		D815B6A22E4D32EB00CD4B0F /* Products */ = {
			isa = PBXGroup;
			children = (
				D815B6A12E4D32EB00CD4B0F /* iOS_Video_Player.app */,
				D815B6BA2E4D32EC00CD4B0F /* iOS_Video_PlayerTests.xctest */,
				D815B6C42E4D32EC00CD4B0F /* iOS_Video_PlayerUITests.xctest */,
			);
			name = Products;
			sourceTree = "<group>";
		};
/* End PBXGroup section */

/* Begin PBXNativeTarget section */
		D815B6A02E4D32EB00CD4B0F /* iOS_Video_Player */ = {
			isa = PBXNativeTarget;
			buildConfigurationList = D815B6CD2E4D32EC00CD4B0F /* Build configuration list for PBXNativeTarget "iOS_Video_Player" */;
			buildPhases = (
				D815B69D2E4D32EB00CD4B0F /* Sources */,
				D815B69E2E4D32EB00CD4B0F /* Frameworks */,
				D815B69F2E4D32EB00CD4B0F /* Resources */,
			);
			buildRules = (
			);
			dependencies = (
			);
			fileSystemSynchronizedGroups = (
				D815B6A32E4D32EB00CD4B0F /* iOS_Video_Player */,
			);
			name = iOS_Video_Player;
			packageProductDependencies = (
			);
			productName = iOS_Video_Player;
			productReference = D815B6A12E4D32EB00CD4B0F /* iOS_Video_Player.app */;
			productType = "com.apple.product-type.application";
		};
		D815B6B92E4D32EC00CD4B0F /* iOS_Video_PlayerTests */ = {
			isa = PBXNativeTarget;
			buildConfigurationList = D815B6D22E4D32EC00CD4B0F /* Build configuration list for PBXNativeTarget "iOS_Video_PlayerTests" */;
			buildPhases = (
				D815B6B62E4D32EC00CD4B0F /* Sources */,
				D815B6B72E4D32EC00CD4B0F /* Frameworks */,
				D815B6B82E4D32EC00CD4B0F /* Resources */,
			);
			buildRules = (
			);
			dependencies = (
				D815B6BC2E4D32EC00CD4B0F /* PBXTargetDependency */,
			);
			fileSystemSynchronizedGroups = (
				D815B6BD2E4D32EC00CD4B0F /* iOS_Video_PlayerTests */,
			);
			name = iOS_Video_PlayerTests;
			packageProductDependencies = (
			);
			productName = iOS_Video_PlayerTests;
			productReference = D815B6BA2E4D32EC00CD4B0F /* iOS_Video_PlayerTests.xctest */;
			productType = "com.apple.product-type.bundle.unit-test";
		};
		D815B6C32E4D32EC00CD4B0F /* iOS_Video_PlayerUITests */ = {
			isa = PBXNativeTarget;
			buildConfigurationList = D815B6D52E4D32EC00CD4B0F /* Build configuration list for PBXNativeTarget "iOS_Video_PlayerUITests" */;
			buildPhases = (
				D815B6C02E4D32EC00CD4B0F /* Sources */,
				D815B6C12E4D32EC00CD4B0F /* Frameworks */,
				D815B6C22E4D32EC00CD4B0F /* Resources */,
			);
			buildRules = (
			);
			dependencies = (
				D815B6C62E4D32EC00CD4B0F /* PBXTargetDependency */,
			);
			fileSystemSynchronizedGroups = (
				D815B6C72E4D32EC00CD4B0F /* iOS_Video_PlayerUITests */,
			);
			name = iOS_Video_PlayerUITests;
			packageProductDependencies = (
			);
			productName = iOS_Video_PlayerUITests;
			productReference = D815B6C42E4D32EC00CD4B0F /* iOS_Video_PlayerUITests.xctest */;
			productType = "com.apple.product-type.bundle.ui-testing";
		};
/* End PBXNativeTarget section */

/* Begin PBXProject section */
		D815B6992E4D32EB00CD4B0F /* Project object */ = {
			isa = PBXProject;
			attributes = {
				BuildIndependentTargetsInParallel = 1;
				LastSwiftUpdateCheck = 1640;
				LastUpgradeCheck = 1640;
				TargetAttributes = {
					D815B6A02E4D32EB00CD4B0F = {
						CreatedOnToolsVersion = 16.4;
					};
					D815B6B92E4D32EC00CD4B0F = {
						CreatedOnToolsVersion = 16.4;
						TestTargetID = D815B6A02E4D32EB00CD4B0F;
					};
					D815B6C32E4D32EC00CD4B0F = {
						CreatedOnToolsVersion = 16.4;
						TestTargetID = D815B6A02E4D32EB00CD4B0F;
					};
				};
			};
			buildConfigurationList = D815B69C2E4D32EB00CD4B0F /* Build configuration list for PBXProject "iOS_Video_Player" */;
			developmentRegion = en;
			hasScannedForEncodings = 0;
			knownRegions = (
				en,
				Base,
			);
			mainGroup = D815B6982E4D32EB00CD4B0F;
			minimizedProjectReferenceProxies = 1;
			preferredProjectObjectVersion = 77;
			productRefGroup = D815B6A22E4D32EB00CD4B0F /* Products */;
			projectDirPath = "";
			projectRoot = "";
			targets = (
				D815B6A02E4D32EB00CD4B0F /* iOS_Video_Player */,
				D815B6B92E4D32EC00CD4B0F /* iOS_Video_PlayerTests */,
				D815B6C32E4D32EC00CD4B0F /* iOS_Video_PlayerUITests */,
			);
		};
/* End PBXProject section */

/* Begin PBXResourcesBuildPhase section */
		D815B69F2E4D32EB00CD4B0F /* Resources */ = {
			isa = PBXResourcesBuildPhase;
			buildActionMask = 2147483647;
			files = (
			);
			runOnlyForDeploymentPostprocessing = 0;
		};
		D815B6B82E4D32EC00CD4B0F /* Resources */ = {
			isa = PBXResourcesBuildPhase;
			buildActionMask = 2147483647;
			files = (
			);
			runOnlyForDeploymentPostprocessing = 0;
		};
		D815B6C22E4D32EC00CD4B0F /* Resources */ = {
			isa = PBXResourcesBuildPhase;
			buildActionMask = 2147483647;
			files = (
			);
			runOnlyForDeploymentPostprocessing = 0;
		};
/* End PBXResourcesBuildPhase section */

/* Begin PBXSourcesBuildPhase section */
		D815B69D2E4D32EB00CD4B0F /* Sources */ = {
			isa = PBXSourcesBuildPhase;
			buildActionMask = 2147483647;
			files = (
			);
			runOnlyForDeploymentPostprocessing = 0;
		};
		D815B6B62E4D32EC00CD4B0F /* Sources */ = {
			isa = PBXSourcesBuildPhase;
			buildActionMask = 2147483647;
			files = (
			);
			runOnlyForDeploymentPostprocessing = 0;
		};
		D815B6C02E4D32EC00CD4B0F /* Sources */ = {
			isa = PBXSourcesBuildPhase;
			buildActionMask = 2147483647;
			files = (
			);
			runOnlyForDeploymentPostprocessing = 0;
		};
/* End PBXSourcesBuildPhase section */

/* Begin PBXTargetDependency section */
		D815B6BC2E4D32EC00CD4B0F /* PBXTargetDependency */ = {
			isa = PBXTargetDependency;
			target = D815B6A02E4D32EB00CD4B0F /* iOS_Video_Player */;
			targetProxy = D815B6BB2E4D32EC00CD4B0F /* PBXContainerItemProxy */;
		};
		D815B6C62E4D32EC00CD4B0F /* PBXTargetDependency */ = {
			isa = PBXTargetDependency;
			target = D815B6A02E4D32EB00CD4B0F /* iOS_Video_Player */;
			targetProxy = D815B6C52E4D32EC00CD4B0F /* PBXContainerItemProxy */;
		};
/* End PBXTargetDependency section */

/* Begin XCBuildConfiguration section */
		D815B6CE2E4D32EC00CD4B0F /* Debug */ = {
			isa = XCBuildConfiguration;
			buildSettings = {
				ASSETCATALOG_COMPILER_APPICON_NAME = AppIcon;
				ASSETCATALOG_COMPILER_GLOBAL_ACCENT_COLOR_NAME = AccentColor;
				CODE_SIGN_STYLE = Automatic;
				CURRENT_PROJECT_VERSION = 1;
				GENERATE_INFOPLIST_FILE = YES;
				INFOPLIST_FILE = iOS_Video_Player/Info.plist;
				INFOPLIST_KEY_UIApplicationSupportsIndirectInputEvents = YES;
				INFOPLIST_KEY_UILaunchStoryboardName = LaunchScreen;
				INFOPLIST_KEY_UIMainStoryboardFile = Main;
				INFOPLIST_KEY_UISupportedInterfaceOrientations_iPad = "UIInterfaceOrientationPortrait UIInterfaceOrientationPortraitUpsideDown UIInterfaceOrientationLandscapeLeft UIInterfaceOrientationLandscapeRight";
				INFOPLIST_KEY_UISupportedInterfaceOrientations_iPhone = "UIInterfaceOrientationPortrait UIInterfaceOrientationLandscapeLeft UIInterfaceOrientationLandscapeRight";
				LD_RUNPATH_SEARCH_PATHS = (
					"$(inherited)",
					"@executable_path/Frameworks",
				);
				MARKETING_VERSION = 1.0;
				PRODUCT_BUNDLE_IDENTIFIER = "conan.iOS-Video-Player";
				PRODUCT_NAME = "$(TARGET_NAME)";
				SWIFT_EMIT_LOC_STRINGS = YES;
				SWIFT_VERSION = 5.0;
				TARGETED_DEVICE_FAMILY = "1,2";
			};
			name = Debug;
		};
		D815B6CF2E4D32EC00CD4B0F /* Release */ = {
			isa = XCBuildConfiguration;
			buildSettings = {
				ASSETCATALOG_COMPILER_APPICON_NAME = AppIcon;
				ASSETCATALOG_COMPILER_GLOBAL_ACCENT_COLOR_NAME = AccentColor;
				CODE_SIGN_STYLE = Automatic;
				CURRENT_PROJECT_VERSION = 1;
				GENERATE_INFOPLIST_FILE = YES;
				INFOPLIST_FILE = iOS_Video_Player/Info.plist;
				INFOPLIST_KEY_UIApplicationSupportsIndirectInputEvents = YES;
				INFOPLIST_KEY_UILaunchStoryboardName = LaunchScreen;
				INFOPLIST_KEY_UIMainStoryboardFile = Main;
				INFOPLIST_KEY_UISupportedInterfaceOrientations_iPad = "UIInterfaceOrientationPortrait UIInterfaceOrientationPortraitUpsideDown UIInterfaceOrientationLandscapeLeft UIInterfaceOrientationLandscapeRight";
				INFOPLIST_KEY_UISupportedInterfaceOrientations_iPhone = "UIInterfaceOrientationPortrait UIInterfaceOrientationLandscapeLeft UIInterfaceOrientationLandscapeRight";
				LD_RUNPATH_SEARCH_PATHS = (
					"$(inherited)",
					"@executable_path/Frameworks",
				);
				MARKETING_VERSION = 1.0;
				PRODUCT_BUNDLE_IDENTIFIER = "conan.iOS-Video-Player";
				PRODUCT_NAME = "$(TARGET_NAME)";
				SWIFT_EMIT_LOC_STRINGS = YES;
				SWIFT_VERSION = 5.0;
				TARGETED_DEVICE_FAMILY = "1,2";
			};
			name = Release;
		};
		D815B6D02E4D32EC00CD4B0F /* Debug */ = {
			isa = XCBuildConfiguration;
			buildSettings = {
				ALWAYS_SEARCH_USER_PATHS = NO;
				ASSETCATALOG_COMPILER_GENERATE_SWIFT_ASSET_SYMBOL_EXTENSIONS = YES;
				CLANG_ANALYZER_NONNULL = YES;
				CLANG_ANALYZER_NUMBER_OBJECT_CONVERSION = YES_AGGRESSIVE;
				CLANG_CXX_LANGUAGE_STANDARD = "gnu++20";
				CLANG_ENABLE_MODULES = YES;
				CLANG_ENABLE_OBJC_ARC = YES;
				CLANG_ENABLE_OBJC_WEAK = YES;
				CLANG_WARN_BLOCK_CAPTURE_AUTORELEASING = YES;
				CLANG_WARN_BOOL_CONVERSION = YES;
				CLANG_WARN_COMMA = YES;
				CLANG_WARN_CONSTANT_CONVERSION = YES;
				CLANG_WARN_DEPRECATED_OBJC_IMPLEMENTATIONS = YES;
				CLANG_WARN_DIRECT_OBJC_ISA_USAGE = YES_ERROR;
				CLANG_WARN_DOCUMENTATION_COMMENTS = YES;
				CLANG_WARN_EMPTY_BODY = YES;
				CLANG_WARN_ENUM_CONVERSION = YES;
				CLANG_WARN_INFINITE_RECURSION = YES;
				CLANG_WARN_INT_CONVERSION = YES;
				CLANG_WARN_NON_LITERAL_NULL_CONVERSION = YES;
				CLANG_WARN_OBJC_IMPLICIT_RETAIN_SELF = YES;
				CLANG_WARN_OBJC_LITERAL_CONVERSION = YES;
				CLANG_WARN_OBJC_ROOT_CLASS = YES_ERROR;
				CLANG_WARN_QUOTED_INCLUDE_IN_FRAMEWORK_HEADER = YES;
				CLANG_WARN_RANGE_LOOP_ANALYSIS = YES;
				CLANG_WARN_STRICT_PROTOTYPES = YES;
				CLANG_WARN_SUSPICIOUS_MOVE = YES;
				CLANG_WARN_UNGUARDED_AVAILABILITY = YES_AGGRESSIVE;
				CLANG_WARN_UNREACHABLE_CODE = YES;
				CLANG_WARN__DUPLICATE_METHOD_MATCH = YES;
				COPY_PHASE_STRIP = NO;
				DEBUG_INFORMATION_FORMAT = dwarf;
				ENABLE_STRICT_OBJC_MSGSEND = YES;
				ENABLE_TESTABILITY = YES;
				ENABLE_USER_SCRIPT_SANDBOXING = YES;
				GCC_C_LANGUAGE_STANDARD = gnu17;
				GCC_DYNAMIC_NO_PIC = NO;
				GCC_NO_COMMON_BLOCKS = YES;
				GCC_OPTIMIZATION_LEVEL = 0;
				GCC_PREPROCESSOR_DEFINITIONS = (
					"DEBUG=1",
					"$(inherited)",
				);
				GCC_WARN_64_TO_32_BIT_CONVERSION = YES;
				GCC_WARN_ABOUT_RETURN_TYPE = YES_ERROR;
				GCC_WARN_UNDECLARED_SELECTOR = YES;
				GCC_WARN_UNINITIALIZED_AUTOS = YES_AGGRESSIVE;
				GCC_WARN_UNUSED_FUNCTION = YES;
				GCC_WARN_UNUSED_VARIABLE = YES;
				IPHONEOS_DEPLOYMENT_TARGET = 18.5;
				LOCALIZATION_PREFERS_STRING_CATALOGS = YES;
				MTL_ENABLE_DEBUG_INFO = INCLUDE_SOURCE;
				MTL_FAST_MATH = YES;
				ONLY_ACTIVE_ARCH = YES;
				SDKROOT = iphoneos;
				SWIFT_ACTIVE_COMPILATION_CONDITIONS = "DEBUG $(inherited)";
				SWIFT_OPTIMIZATION_LEVEL = "-Onone";
			};
			name = Debug;
		};
		D815B6D12E4D32EC00CD4B0F /* Release */ = {
			isa = XCBuildConfiguration;
			buildSettings = {
				ALWAYS_SEARCH_USER_PATHS = NO;
				ASSETCATALOG_COMPILER_GENERATE_SWIFT_ASSET_SYMBOL_EXTENSIONS = YES;
				CLANG_ANALYZER_NONNULL = YES;
				CLANG_ANALYZER_NUMBER_OBJECT_CONVERSION = YES_AGGRESSIVE;
				CLANG_CXX_LANGUAGE_STANDARD = "gnu++20";
				CLANG_ENABLE_MODULES = YES;
				CLANG_ENABLE_OBJC_ARC = YES;
				CLANG_ENABLE_OBJC_WEAK = YES;
				CLANG_WARN_BLOCK_CAPTURE_AUTORELEASING = YES;
				CLANG_WARN_BOOL_CONVERSION = YES;
				CLANG_WARN_COMMA = YES;
				CLANG_WARN_CONSTANT_CONVERSION = YES;
				CLANG_WARN_DEPRECATED_OBJC_IMPLEMENTATIONS = YES;
				CLANG_WARN_DIRECT_OBJC_ISA_USAGE = YES_ERROR;
				CLANG_WARN_DOCUMENTATION_COMMENTS = YES;
				CLANG_WARN_EMPTY_BODY = YES;
				CLANG_WARN_ENUM_CONVERSION = YES;
				CLANG_WARN_INFINITE_RECURSION = YES;
				CLANG_WARN_INT_CONVERSION = YES;
				CLANG_WARN_NON_LITERAL_NULL_CONVERSION = YES;
				CLANG_WARN_OBJC_IMPLICIT_RETAIN_SELF = YES;
				CLANG_WARN_OBJC_LITERAL_CONVERSION = YES;
				CLANG_WARN_OBJC_ROOT_CLASS = YES_ERROR;
				CLANG_WARN_QUOTED_INCLUDE_IN_FRAMEWORK_HEADER = YES;
				CLANG_WARN_RANGE_LOOP_ANALYSIS = YES;
				CLANG_WARN_STRICT_PROTOTYPES = YES;
				CLANG_WARN_SUSPICIOUS_MOVE = YES;
				CLANG_WARN_UNGUARDED_AVAILABILITY = YES_AGGRESSIVE;
				CLANG_WARN_UNREACHABLE_CODE = YES;
				CLANG_WARN__DUPLICATE_METHOD_MATCH = YES;
				COPY_PHASE_STRIP = NO;
				DEBUG_INFORMATION_FORMAT = "dwarf-with-dsym";
				ENABLE_NS_ASSERTIONS = NO;
				ENABLE_STRICT_OBJC_MSGSEND = YES;
				ENABLE_USER_SCRIPT_SANDBOXING = YES;
				GCC_C_LANGUAGE_STANDARD = gnu17;
				GCC_NO_COMMON_BLOCKS = YES;
				GCC_WARN_64_TO_32_BIT_CONVERSION = YES;
				GCC_WARN_ABOUT_RETURN_TYPE = YES_ERROR;
				GCC_WARN_UNDECLARED_SELECTOR = YES;
				GCC_WARN_UNINITIALIZED_AUTOS = YES_AGGRESSIVE;
				GCC_WARN_UNUSED_FUNCTION = YES;
				GCC_WARN_UNUSED_VARIABLE = YES;
				IPHONEOS_DEPLOYMENT_TARGET = 18.5;
				LOCALIZATION_PREFERS_STRING_CATALOGS = YES;
				MTL_ENABLE_DEBUG_INFO = NO;
				MTL_FAST_MATH = YES;
				SDKROOT = iphoneos;
				SWIFT_COMPILATION_MODE = wholemodule;
				VALIDATE_PRODUCT = YES;
			};
			name = Release;
		};
		D815B6D32E4D32EC00CD4B0F /* Debug */ = {
			isa = XCBuildConfiguration;
			buildSettings = {
				BUNDLE_LOADER = "$(TEST_HOST)";
				CODE_SIGN_STYLE = Automatic;
				CURRENT_PROJECT_VERSION = 1;
				GENERATE_INFOPLIST_FILE = YES;
				IPHONEOS_DEPLOYMENT_TARGET = 18.5;
				MARKETING_VERSION = 1.0;
				PRODUCT_BUNDLE_IDENTIFIER = "conan.iOS-Video-PlayerTests";
				PRODUCT_NAME = "$(TARGET_NAME)";
				SWIFT_EMIT_LOC_STRINGS = NO;
				SWIFT_VERSION = 5.0;
				TARGETED_DEVICE_FAMILY = "1,2";
				TEST_HOST = "$(BUILT_PRODUCTS_DIR)/iOS_Video_Player.app/$(BUNDLE_EXECUTABLE_FOLDER_PATH)/iOS_Video_Player";
			};
			name = Debug;
		};
		D815B6D42E4D32EC00CD4B0F /* Release */ = {
			isa = XCBuildConfiguration;
			buildSettings = {
				BUNDLE_LOADER = "$(TEST_HOST)";
				CODE_SIGN_STYLE = Automatic;
				CURRENT_PROJECT_VERSION = 1;
				GENERATE_INFOPLIST_FILE = YES;
				IPHONEOS_DEPLOYMENT_TARGET = 18.5;
				MARKETING_VERSION = 1.0;
				PRODUCT_BUNDLE_IDENTIFIER = "conan.iOS-Video-PlayerTests";
				PRODUCT_NAME = "$(TARGET_NAME)";
				SWIFT_EMIT_LOC_STRINGS = NO;
				SWIFT_VERSION = 5.0;
				TARGETED_DEVICE_FAMILY = "1,2";
				TEST_HOST = "$(BUILT_PRODUCTS_DIR)/iOS_Video_Player.app/$(BUNDLE_EXECUTABLE_FOLDER_PATH)/iOS_Video_Player";
			};
			name = Release;
		};
		D815B6D62E4D32EC00CD4B0F /* Debug */ = {
			isa = XCBuildConfiguration;
			buildSettings = {
				CODE_SIGN_STYLE = Automatic;
				CURRENT_PROJECT_VERSION = 1;
				GENERATE_INFOPLIST_FILE = YES;
				MARKETING_VERSION = 1.0;
				PRODUCT_BUNDLE_IDENTIFIER = "conan.iOS-Video-PlayerUITests";
				PRODUCT_NAME = "$(TARGET_NAME)";
				SWIFT_EMIT_LOC_STRINGS = NO;
				SWIFT_VERSION = 5.0;
				TARGETED_DEVICE_FAMILY = "1,2";
				TEST_TARGET_NAME = iOS_Video_Player;
			};
			name = Debug;
		};
		D815B6D72E4D32EC00CD4B0F /* Release */ = {
			isa = XCBuildConfiguration;
			buildSettings = {
				CODE_SIGN_STYLE = Automatic;
				CURRENT_PROJECT_VERSION = 1;
				GENERATE_INFOPLIST_FILE = YES;
				MARKETING_VERSION = 1.0;
				PRODUCT_BUNDLE_IDENTIFIER = "conan.iOS-Video-PlayerUITests";
				PRODUCT_NAME = "$(TARGET_NAME)";
				SWIFT_EMIT_LOC_STRINGS = NO;
				SWIFT_VERSION = 5.0;
				TARGETED_DEVICE_FAMILY = "1,2";
				TEST_TARGET_NAME = iOS_Video_Player;
			};
			name = Release;
		};
/* End XCBuildConfiguration section */

/* Begin XCConfigurationList section */
		D815B69C2E4D32EB00CD4B0F /* Build configuration list for PBXProject "iOS_Video_Player" */ = {
			isa = XCConfigurationList;
			buildConfigurations = (
				D815B6D02E4D32EC00CD4B0F /* Debug */,
				D815B6D12E4D32EC00CD4B0F /* Release */,
			);
			defaultConfigurationIsVisible = 0;
			defaultConfigurationName = Release;
		};
		D815B6CD2E4D32EC00CD4B0F /* Build configuration list for PBXNativeTarget "iOS_Video_Player" */ = {
			isa = XCConfigurationList;
			buildConfigurations = (
				D815B6CE2E4D32EC00CD4B0F /* Debug */,
				D815B6CF2E4D32EC00CD4B0F /* Release */,
			);
			defaultConfigurationIsVisible = 0;
			defaultConfigurationName = Release;
		};
		D815B6D22E4D32EC00CD4B0F /* Build configuration list for PBXNativeTarget "iOS_Video_PlayerTests" */ = {
			isa = XCConfigurationList;
			buildConfigurations = (
				D815B6D32E4D32EC00CD4B0F /* Debug */,
				D815B6D42E4D32EC00CD4B0F /* Release */,
			);
			defaultConfigurationIsVisible = 0;
			defaultConfigurationName = Release;
		};
		D815B6D52E4D32EC00CD4B0F /* Build configuration list for PBXNativeTarget "iOS_Video_PlayerUITests" */ = {
			isa = XCConfigurationList;
			buildConfigurations = (
				D815B6D62E4D32EC00CD4B0F /* Debug */,
				D815B6D72E4D32EC00CD4B0F /* Release */,
			);
			defaultConfigurationIsVisible = 0;
			defaultConfigurationName = Release;
		};
/* End XCConfigurationList section */
	};
	rootObject = D815B6992E4D32EB00CD4B0F /* Project object */;
}
